
Microsoft Visual Studio Solution File, Format Version 12.00
# Visual Studio Version 17
VisualStudioVersion = 17.14.36202.13
MinimumVisualStudioVersion = 10.0.40219.1
Project("{FAE04EC0-301F-11D3-BF4B-00C04F79EFBC}") = "VibeQuestApp", "VibeQuestApp.csproj", "{375BEC8D-21A3-6B97-DAC0-205F14F3B8E1}"
EndProject
Project("{2150E333-8FDC-42A3-9474-1A3956D46DE8}") = "Solution Items", "Solution Items", "{8EC462FD-D22E-90A8-E5CE-7E832BA40C5D}"
	ProjectSection(SolutionItems) = preProject
		.gitignore = .gitignore
	EndProjectSection
EndProject
Project("{FAE04EC0-301F-11D3-BF4B-00C04F79EFBC}") = "VibeQuestApp.Tests", "..\VibeQuestApp.Tests\VibeQuestApp.Tests.csproj", "{DD3DD478-F2D3-4DAF-93BE-1010F15506CA}"
EndProject
Global
	GlobalSection(SolutionConfigurationPlatforms) = preSolution
		Debug|Any CPU = Debug|Any CPU
		Release|Any CPU = Release|Any CPU
	EndGlobalSection
	GlobalSection(ProjectConfigurationPlatforms) = postSolution
		{375BEC8D-21A3-6B97-DAC0-205F14F3B8E1}.Debug|Any CPU.ActiveCfg = Debug|Any CPU
		{375BEC8D-21A3-6B97-DAC0-205F14F3B8E1}.Debug|Any CPU.Build.0 = Debug|Any CPU
		{375BEC8D-21A3-6B97-DAC0-205F14F3B8E1}.Release|Any CPU.ActiveCfg = Release|Any CPU
		{375BEC8D-21A3-6B97-DAC0-205F14F3B8E1}.Release|Any CPU.Build.0 = Release|Any CPU
		{DD3DD478-F2D3-4DAF-93BE-1010F15506CA}.Debug|Any CPU.ActiveCfg = Debug|Any CPU
		{DD3DD478-F2D3-4DAF-93BE-1010F15506CA}.Debug|Any CPU.Build.0 = Debug|Any CPU
		{DD3DD478-F2D3-4DAF-93BE-1010F15506CA}.Release|Any CPU.ActiveCfg = Release|Any CPU
		{DD3DD478-F2D3-4DAF-93BE-1010F15506CA}.Release|Any CPU.Build.0 = Release|Any CPU
	EndGlobalSection
	GlobalSection(SolutionProperties) = preSolution
		HideSolutionNode = FALSE
	EndGlobalSection
	GlobalSection(ExtensibilityGlobals) = postSolution
		SolutionGuid = {5EEDD214-ABF2-476D-8738-B850AAA87ED3}
	EndGlobalSection
EndGlobal
